{
  "object": {
    "pins": [
      {
        "package": "JsonFetchUI",
        "repositoryURL": "https://github.com/GeoffBurns/JsonFetchUI",
        "state": {
          "branch": null,
          "revision": "69cdab8243cdd2cfe1cc9f0192c6a0067feb543e",
          "version": "0.1.5"
        }
      },
      {
        "package": "Persistence",
        "repositoryURL": "https://github.com/GeoffBurns/persistence",
        "state": {
          "branch": null,
          "revision": "5cb939b85264d8372e87295ba40aa4a1df674834",
          "version": "0.1.2"
        }
      },
      {
        "package": "Utilities",
        "repositoryURL": "https://github.com/GeoffBurns/Utilities",
        "state": {
          "branch": null,
          "revision": "28a9e8ce7ab1e1c3c0c7d089cde92cb8ca283de5",
          "version": "0.1.4"
        }
      }
    ]
  },
  "version": 1
}
